// !$*UTF8*$!
{
	archiveVersion = 1;
	classes = {
	};
	objectVersion = 46;
	objects = {

/* Begin PBXBuildFile section */
		60B31B4C31502AE1ACD7B5D7 /* Pods_CocoMRTUITests.framework in Frameworks */ = {isa = PBXBuildFile; fileRef = B006E8DD848BB32759626F51 /* Pods_CocoMRTUITests.framework */; };
		746E6BDCF9F629341F5C0ECF /* Pods_CocoMRT.framework in Frameworks */ = {isa = PBXBuildFile; fileRef = 8750CF03567EB2E38D47242C /* Pods_CocoMRT.framework */; };
		7DCE8055B1B992CFD51653D9 /* Pods_CocoMRTTests.framework in Frameworks */ = {isa = PBXBuildFile; fileRef = B10868FD805DA103FC6435CC /* Pods_CocoMRTTests.framework */; };
		9F227E7A1CECDA2900B822B7 /* AppDelegate.swift in Sources */ = {isa = PBXBuildFile; fileRef = 9F227E791CECDA2900B822B7 /* AppDelegate.swift */; };
		9F227E7F1CECDA2900B822B7 /* Main.storyboard in Resources */ = {isa = PBXBuildFile; fileRef = 9F227E7D1CECDA2900B822B7 /* Main.storyboard */; };
		9F227E811CECDA2900B822B7 /* Assets.xcassets in Resources */ = {isa = PBXBuildFile; fileRef = 9F227E801CECDA2900B822B7 /* Assets.xcassets */; };
		9F227E841CECDA2900B822B7 /* LaunchScreen.storyboard in Resources */ = {isa = PBXBuildFile; fileRef = 9F227E821CECDA2900B822B7 /* LaunchScreen.storyboard */; };
		9F227E8F1CECDA2900B822B7 /* CocoMRTTests.swift in Sources */ = {isa = PBXBuildFile; fileRef = 9F227E8E1CECDA2900B822B7 /* CocoMRTTests.swift */; };
		9F227E9A1CECDA2900B822B7 /* CocoMRTUITests.swift in Sources */ = {isa = PBXBuildFile; fileRef = 9F227E991CECDA2900B822B7 /* CocoMRTUITests.swift */; };
		9F227EA81CECDADC00B822B7 /* FirstController.swift in Sources */ = {isa = PBXBuildFile; fileRef = 9F227EA71CECDADC00B822B7 /* FirstController.swift */; };
		9F227EAA1CECF23900B822B7 /* MRT.json in Resources */ = {isa = PBXBuildFile; fileRef = 9F227EA91CECF23900B822B7 /* MRT.json */; };
		9F227EAC1CED30AD00B822B7 /* MRTCell.swift in Sources */ = {isa = PBXBuildFile; fileRef = 9F227EAB1CED30AD00B822B7 /* MRTCell.swift */; };
		9FEE48CF1CF36D2A00F62728 /* secondViewController.swift in Sources */ = {isa = PBXBuildFile; fileRef = 9FEE48CE1CF36D2A00F62728 /* secondViewController.swift */; };
/* End PBXBuildFile section */

/* Begin PBXContainerItemProxy section */
		9F227E8B1CECDA2900B822B7 /* PBXContainerItemProxy */ = {
			isa = PBXContainerItemProxy;
			containerPortal = 9F227E6E1CECDA2900B822B7 /* Project object */;
			proxyType = 1;
			remoteGlobalIDString = 9F227E751CECDA2900B822B7;
			remoteInfo = CocoMRT;
		};
		9F227E961CECDA2900B822B7 /* PBXContainerItemProxy */ = {
			isa = PBXContainerItemProxy;
			containerPortal = 9F227E6E1CECDA2900B822B7 /* Project object */;
			proxyType = 1;
			remoteGlobalIDString = 9F227E751CECDA2900B822B7;
			remoteInfo = CocoMRT;
		};
/* End PBXContainerItemProxy section */

/* Begin PBXFileReference section */
		319C48A28E3F6335BD13ABBE /* Pods-CocoMRT.debug.xcconfig */ = {isa = PBXFileReference; includeInIndex = 1; lastKnownFileType = text.xcconfig; name = "Pods-CocoMRT.debug.xcconfig"; path = "Pods/Target Support Files/Pods-CocoMRT/Pods-CocoMRT.debug.xcconfig"; sourceTree = "<group>"; };
		8750CF03567EB2E38D47242C /* Pods_CocoMRT.framework */ = {isa = PBXFileReference; explicitFileType = wrapper.framework; includeInIndex = 0; path = Pods_CocoMRT.framework; sourceTree = BUILT_PRODUCTS_DIR; };
		883076F047C7FC7E2C23FBB9 /* Pods-CocoMRTTests.debug.xcconfig */ = {isa = PBXFileReference; includeInIndex = 1; lastKnownFileType = text.xcconfig; name = "Pods-CocoMRTTests.debug.xcconfig"; path = "Pods/Target Support Files/Pods-CocoMRTTests/Pods-CocoMRTTests.debug.xcconfig"; sourceTree = "<group>"; };
		9370E465AC6D42C536D27D30 /* Pods-CocoMRTTests.release.xcconfig */ = {isa = PBXFileReference; includeInIndex = 1; lastKnownFileType = text.xcconfig; name = "Pods-CocoMRTTests.release.xcconfig"; path = "Pods/Target Support Files/Pods-CocoMRTTests/Pods-CocoMRTTests.release.xcconfig"; sourceTree = "<group>"; };
		9F227E761CECDA2900B822B7 /* CocoMRT.app */ = {isa = PBXFileReference; explicitFileType = wrapper.application; includeInIndex = 0; path = CocoMRT.app; sourceTree = BUILT_PRODUCTS_DIR; };
		9F227E791CECDA2900B822B7 /* AppDelegate.swift */ = {isa = PBXFileReference; lastKnownFileType = sourcecode.swift; path = AppDelegate.swift; sourceTree = "<group>"; };
		9F227E7E1CECDA2900B822B7 /* Base */ = {isa = PBXFileReference; lastKnownFileType = file.storyboard; name = Base; path = Base.lproj/Main.storyboard; sourceTree = "<group>"; };
		9F227E801CECDA2900B822B7 /* Assets.xcassets */ = {isa = PBXFileReference; lastKnownFileType = folder.assetcatalog; path = Assets.xcassets; sourceTree = "<group>"; };
		9F227E831CECDA2900B822B7 /* Base */ = {isa = PBXFileReference; lastKnownFileType = file.storyboard; name = Base; path = Base.lproj/LaunchScreen.storyboard; sourceTree = "<group>"; };
		9F227E851CECDA2900B822B7 /* Info.plist */ = {isa = PBXFileReference; lastKnownFileType = text.plist.xml; path = Info.plist; sourceTree = "<group>"; };
		9F227E8A1CECDA2900B822B7 /* CocoMRTTests.xctest */ = {isa = PBXFileReference; explicitFileType = wrapper.cfbundle; includeInIndex = 0; path = CocoMRTTests.xctest; sourceTree = BUILT_PRODUCTS_DIR; };
		9F227E8E1CECDA2900B822B7 /* CocoMRTTests.swift */ = {isa = PBXFileReference; lastKnownFileType = sourcecode.swift; path = CocoMRTTests.swift; sourceTree = "<group>"; };
		9F227E901CECDA2900B822B7 /* Info.plist */ = {isa = PBXFileReference; lastKnownFileType = text.plist.xml; path = Info.plist; sourceTree = "<group>"; };
		9F227E951CECDA2900B822B7 /* CocoMRTUITests.xctest */ = {isa = PBXFileReference; explicitFileType = wrapper.cfbundle; includeInIndex = 0; path = CocoMRTUITests.xctest; sourceTree = BUILT_PRODUCTS_DIR; };
		9F227E991CECDA2900B822B7 /* CocoMRTUITests.swift */ = {isa = PBXFileReference; lastKnownFileType = sourcecode.swift; path = CocoMRTUITests.swift; sourceTree = "<group>"; };
		9F227E9B1CECDA2900B822B7 /* Info.plist */ = {isa = PBXFileReference; lastKnownFileType = text.plist.xml; path = Info.plist; sourceTree = "<group>"; };
		9F227EA71CECDADC00B822B7 /* FirstController.swift */ = {isa = PBXFileReference; fileEncoding = 4; lastKnownFileType = sourcecode.swift; path = FirstController.swift; sourceTree = "<group>"; };
		9F227EA91CECF23900B822B7 /* MRT.json */ = {isa = PBXFileReference; fileEncoding = 4; lastKnownFileType = text.json; path = MRT.json; sourceTree = "<group>"; };
		9F227EAB1CED30AD00B822B7 /* MRTCell.swift */ = {isa = PBXFileReference; fileEncoding = 4; lastKnownFileType = sourcecode.swift; path = MRTCell.swift; sourceTree = "<group>"; };
		9FEE48CE1CF36D2A00F62728 /* secondViewController.swift */ = {isa = PBXFileReference; fileEncoding = 4; lastKnownFileType = sourcecode.swift; path = secondViewController.swift; sourceTree = "<group>"; };
		B006E8DD848BB32759626F51 /* Pods_CocoMRTUITests.framework */ = {isa = PBXFileReference; explicitFileType = wrapper.framework; includeInIndex = 0; path = Pods_CocoMRTUITests.framework; sourceTree = BUILT_PRODUCTS_DIR; };
		B10868FD805DA103FC6435CC /* Pods_CocoMRTTests.framework */ = {isa = PBXFileReference; explicitFileType = wrapper.framework; includeInIndex = 0; path = Pods_CocoMRTTests.framework; sourceTree = BUILT_PRODUCTS_DIR; };
		B3E147D114191B16CAF56DAB /* Pods-CocoMRT.release.xcconfig */ = {isa = PBXFileReference; includeInIndex = 1; lastKnownFileType = text.xcconfig; name = "Pods-CocoMRT.release.xcconfig"; path = "Pods/Target Support Files/Pods-CocoMRT/Pods-CocoMRT.release.xcconfig"; sourceTree = "<group>"; };
		B70B06A18BF9116A46E368FA /* Pods-CocoMRTUITests.debug.xcconfig */ = {isa = PBXFileReference; includeInIndex = 1; lastKnownFileType = text.xcconfig; name = "Pods-CocoMRTUITests.debug.xcconfig"; path = "Pods/Target Support Files/Pods-CocoMRTUITests/Pods-CocoMRTUITests.debug.xcconfig"; sourceTree = "<group>"; };
		FBD65B4C84713323D641C583 /* Pods-CocoMRTUITests.release.xcconfig */ = {isa = PBXFileReference; includeInIndex = 1; lastKnownFileType = text.xcconfig; name = "Pods-CocoMRTUITests.release.xcconfig"; path = "Pods/Target Support Files/Pods-CocoMRTUITests/Pods-CocoMRTUITests.release.xcconfig"; sourceTree = "<group>"; };
/* End PBXFileReference section */

/* Begin PBXFrameworksBuildPhase section */
		9F227E731CECDA2900B822B7 /* Frameworks */ = {
			isa = PBXFrameworksBuildPhase;
			buildActionMask = 2147483647;
			files = (
				746E6BDCF9F629341F5C0ECF /* Pods_CocoMRT.framework in Frameworks */,
			);
			runOnlyForDeploymentPostprocessing = 0;
		};
		9F227E871CECDA2900B822B7 /* Frameworks */ = {
			isa = PBXFrameworksBuildPhase;
			buildActionMask = 2147483647;
			files = (
				7DCE8055B1B992CFD51653D9 /* Pods_CocoMRTTests.framework in Frameworks */,
			);
			runOnlyForDeploymentPostprocessing = 0;
		};
		9F227E921CECDA2900B822B7 /* Frameworks */ = {
			isa = PBXFrameworksBuildPhase;
			buildActionMask = 2147483647;
			files = (
				60B31B4C31502AE1ACD7B5D7 /* Pods_CocoMRTUITests.framework in Frameworks */,
			);
			runOnlyForDeploymentPostprocessing = 0;
		};
/* End PBXFrameworksBuildPhase section */

/* Begin PBXGroup section */
		3B31FA8B704B021A3F547DD1 /* Frameworks */ = {
			isa = PBXGroup;
			children = (
				8750CF03567EB2E38D47242C /* Pods_CocoMRT.framework */,
				B10868FD805DA103FC6435CC /* Pods_CocoMRTTests.framework */,
				B006E8DD848BB32759626F51 /* Pods_CocoMRTUITests.framework */,
			);
			name = Frameworks;
			sourceTree = "<group>";
		};
		75293EDB49783A853F5286B6 /* Pods */ = {
			isa = PBXGroup;
			children = (
				319C48A28E3F6335BD13ABBE /* Pods-CocoMRT.debug.xcconfig */,
				B3E147D114191B16CAF56DAB /* Pods-CocoMRT.release.xcconfig */,
				883076F047C7FC7E2C23FBB9 /* Pods-CocoMRTTests.debug.xcconfig */,
				9370E465AC6D42C536D27D30 /* Pods-CocoMRTTests.release.xcconfig */,
				B70B06A18BF9116A46E368FA /* Pods-CocoMRTUITests.debug.xcconfig */,
				FBD65B4C84713323D641C583 /* Pods-CocoMRTUITests.release.xcconfig */,
			);
			name = Pods;
			sourceTree = "<group>";
		};
		9F227E6D1CECDA2900B822B7 = {
			isa = PBXGroup;
			children = (
				9F227E781CECDA2900B822B7 /* CocoMRT */,
				9F227E8D1CECDA2900B822B7 /* CocoMRTTests */,
				9F227E981CECDA2900B822B7 /* CocoMRTUITests */,
				9F227E771CECDA2900B822B7 /* Products */,
				75293EDB49783A853F5286B6 /* Pods */,
				3B31FA8B704B021A3F547DD1 /* Frameworks */,
			);
			sourceTree = "<group>";
		};
		9F227E771CECDA2900B822B7 /* Products */ = {
			isa = PBXGroup;
			children = (
				9F227E761CECDA2900B822B7 /* CocoMRT.app */,
				9F227E8A1CECDA2900B822B7 /* CocoMRTTests.xctest */,
				9F227E951CECDA2900B822B7 /* CocoMRTUITests.xctest */,
			);
			name = Products;
			sourceTree = "<group>";
		};
		9F227E781CECDA2900B822B7 /* CocoMRT */ = {
			isa = PBXGroup;
			children = (
				9F227EA91CECF23900B822B7 /* MRT.json */,
				9F227E791CECDA2900B822B7 /* AppDelegate.swift */,
				9F227E7D1CECDA2900B822B7 /* Main.storyboard */,
				9F227E801CECDA2900B822B7 /* Assets.xcassets */,
				9F227E821CECDA2900B822B7 /* LaunchScreen.storyboard */,
				9F227E851CECDA2900B822B7 /* Info.plist */,
				9F227EA71CECDADC00B822B7 /* FirstController.swift */,
				9F227EAB1CED30AD00B822B7 /* MRTCell.swift */,
				9FEE48CE1CF36D2A00F62728 /* secondViewController.swift */,
			);
			path = CocoMRT;
			sourceTree = "<group>";
		};
		9F227E8D1CECDA2900B822B7 /* CocoMRTTests */ = {
			isa = PBXGroup;
			children = (
				9F227E8E1CECDA2900B822B7 /* CocoMRTTests.swift */,
				9F227E901CECDA2900B822B7 /* Info.plist */,
			);
			path = CocoMRTTests;
			sourceTree = "<group>";
		};
		9F227E981CECDA2900B822B7 /* CocoMRTUITests */ = {
			isa = PBXGroup;
			children = (
				9F227E991CECDA2900B822B7 /* CocoMRTUITests.swift */,
				9F227E9B1CECDA2900B822B7 /* Info.plist */,
			);
			path = CocoMRTUITests;
			sourceTree = "<group>";
		};
/* End PBXGroup section */

/* Begin PBXNativeTarget section */
		9F227E751CECDA2900B822B7 /* CocoMRT */ = {
			isa = PBXNativeTarget;
			buildConfigurationList = 9F227E9E1CECDA2900B822B7 /* Build configuration list for PBXNativeTarget "CocoMRT" */;
			buildPhases = (
				4EA7E48C07D874157CD65494 /* 📦 Check Pods Manifest.lock */,
				9F227E721CECDA2900B822B7 /* Sources */,
				9F227E731CECDA2900B822B7 /* Frameworks */,
				9F227E741CECDA2900B822B7 /* Resources */,
				4C463EE5D5EACF923E7E1372 /* 📦 Embed Pods Frameworks */,
				6580040B1525884DBB3E7A8D /* 📦 Copy Pods Resources */,
			);
			buildRules = (
			);
			dependencies = (
			);
			name = CocoMRT;
			productName = CocoMRT;
			productReference = 9F227E761CECDA2900B822B7 /* CocoMRT.app */;
			productType = "com.apple.product-type.application";
		};
		9F227E891CECDA2900B822B7 /* CocoMRTTests */ = {
			isa = PBXNativeTarget;
			buildConfigurationList = 9F227EA11CECDA2900B822B7 /* Build configuration list for PBXNativeTarget "CocoMRTTests" */;
			buildPhases = (
				AC12C310F4FF5ADB3E22AA21 /* 📦 Check Pods Manifest.lock */,
				9F227E861CECDA2900B822B7 /* Sources */,
				9F227E871CECDA2900B822B7 /* Frameworks */,
				9F227E881CECDA2900B822B7 /* Resources */,
				7EE18E783199CADB9D0E7206 /* 📦 Embed Pods Frameworks */,
				4F4EBBFA1BA4B5182E6BCA84 /* 📦 Copy Pods Resources */,
			);
			buildRules = (
			);
			dependencies = (
				9F227E8C1CECDA2900B822B7 /* PBXTargetDependency */,
			);
			name = CocoMRTTests;
			productName = CocoMRTTests;
			productReference = 9F227E8A1CECDA2900B822B7 /* CocoMRTTests.xctest */;
			productType = "com.apple.product-type.bundle.unit-test";
		};
		9F227E941CECDA2900B822B7 /* CocoMRTUITests */ = {
			isa = PBXNativeTarget;
			buildConfigurationList = 9F227EA41CECDA2900B822B7 /* Build configuration list for PBXNativeTarget "CocoMRTUITests" */;
			buildPhases = (
				94CE8B48B25C779C2DD85C02 /* 📦 Check Pods Manifest.lock */,
				9F227E911CECDA2900B822B7 /* Sources */,
				9F227E921CECDA2900B822B7 /* Frameworks */,
				9F227E931CECDA2900B822B7 /* Resources */,
				481EA87DB2324F2AE0C1C2E4 /* 📦 Copy Pods Resources */,
			);
			buildRules = (
			);
			dependencies = (
				9F227E971CECDA2900B822B7 /* PBXTargetDependency */,
			);
			name = CocoMRTUITests;
			productName = CocoMRTUITests;
			productReference = 9F227E951CECDA2900B822B7 /* CocoMRTUITests.xctest */;
			productType = "com.apple.product-type.bundle.ui-testing";
		};
/* End PBXNativeTarget section */

/* Begin PBXProject section */
		9F227E6E1CECDA2900B822B7 /* Project object */ = {
			isa = PBXProject;
			attributes = {
				LastSwiftUpdateCheck = 0730;
				LastUpgradeCheck = 0730;
				ORGANIZATIONNAME = allen;
				TargetAttributes = {
					9F227E751CECDA2900B822B7 = {
						CreatedOnToolsVersion = 7.3;
					};
					9F227E891CECDA2900B822B7 = {
						CreatedOnToolsVersion = 7.3;
						TestTargetID = 9F227E751CECDA2900B822B7;
					};
					9F227E941CECDA2900B822B7 = {
						CreatedOnToolsVersion = 7.3;
						TestTargetID = 9F227E751CECDA2900B822B7;
					};
				};
			};
			buildConfigurationList = 9F227E711CECDA2900B822B7 /* Build configuration list for PBXProject "CocoMRT" */;
			compatibilityVersion = "Xcode 3.2";
			developmentRegion = English;
			hasScannedForEncodings = 0;
			knownRegions = (
				en,
				Base,
			);
			mainGroup = 9F227E6D1CECDA2900B822B7;
			productRefGroup = 9F227E771CECDA2900B822B7 /* Products */;
			projectDirPath = "";
			projectRoot = "";
			targets = (
				9F227E751CECDA2900B822B7 /* CocoMRT */,
				9F227E891CECDA2900B822B7 /* CocoMRTTests */,
				9F227E941CECDA2900B822B7 /* CocoMRTUITests */,
			);
		};
/* End PBXProject section */

/* Begin PBXResourcesBuildPhase section */
		9F227E741CECDA2900B822B7 /* Resources */ = {
			isa = PBXResourcesBuildPhase;
			buildActionMask = 2147483647;
			files = (
				9F227E841CECDA2900B822B7 /* LaunchScreen.storyboard in Resources */,
				9F227E811CECDA2900B822B7 /* Assets.xcassets in Resources */,
				9F227E7F1CECDA2900B822B7 /* Main.storyboard in Resources */,
				9F227EAA1CECF23900B822B7 /* MRT.json in Resources */,
			);
			runOnlyForDeploymentPostprocessing = 0;
		};
		9F227E881CECDA2900B822B7 /* Resources */ = {
			isa = PBXResourcesBuildPhase;
			buildActionMask = 2147483647;
			files = (
			);
			runOnlyForDeploymentPostprocessing = 0;
		};
		9F227E931CECDA2900B822B7 /* Resources */ = {
			isa = PBXResourcesBuildPhase;
			buildActionMask = 2147483647;
			files = (
			);
			runOnlyForDeploymentPostprocessing = 0;
		};
/* End PBXResourcesBuildPhase section */

/* Begin PBXShellScriptBuildPhase section */
		481EA87DB2324F2AE0C1C2E4 /* 📦 Copy Pods Resources */ = {
			isa = PBXShellScriptBuildPhase;
			buildActionMask = 2147483647;
			files = (
			);
			inputPaths = (
			);
			name = "📦 Copy Pods Resources";
			outputPaths = (
			);
			runOnlyForDeploymentPostprocessing = 0;
			shellPath = /bin/sh;
			shellScript = "\"${SRCROOT}/Pods/Target Support Files/Pods-CocoMRTUITests/Pods-CocoMRTUITests-resources.sh\"\n";
			showEnvVarsInLog = 0;
		};
		4C463EE5D5EACF923E7E1372 /* 📦 Embed Pods Frameworks */ = {
			isa = PBXShellScriptBuildPhase;
			buildActionMask = 2147483647;
			files = (
			);
			inputPaths = (
			);
			name = "📦 Embed Pods Frameworks";
			outputPaths = (
			);
			runOnlyForDeploymentPostprocessing = 0;
			shellPath = /bin/sh;
			shellScript = "\"${SRCROOT}/Pods/Target Support Files/Pods-CocoMRT/Pods-CocoMRT-frameworks.sh\"\n";
			showEnvVarsInLog = 0;
		};
		4EA7E48C07D874157CD65494 /* 📦 Check Pods Manifest.lock */ = {
			isa = PBXShellScriptBuildPhase;
			buildActionMask = 2147483647;
			files = (
			);
			inputPaths = (
			);
			name = "📦 Check Pods Manifest.lock";
			outputPaths = (
			);
			runOnlyForDeploymentPostprocessing = 0;
			shellPath = /bin/sh;
			shellScript = "diff \"${PODS_ROOT}/../Podfile.lock\" \"${PODS_ROOT}/Manifest.lock\" > /dev/null\nif [[ $? != 0 ]] ; then\n    cat << EOM\nerror: The sandbox is not in sync with the Podfile.lock. Run 'pod install' or update your CocoaPods installation.\nEOM\n    exit 1\nfi\n";
			showEnvVarsInLog = 0;
		};
		4F4EBBFA1BA4B5182E6BCA84 /* 📦 Copy Pods Resources */ = {
			isa = PBXShellScriptBuildPhase;
			buildActionMask = 2147483647;
			files = (
			);
			inputPaths = (
			);
			name = "📦 Copy Pods Resources";
			outputPaths = (
			);
			runOnlyForDeploymentPostprocessing = 0;
			shellPath = /bin/sh;
			shellScript = "\"${SRCROOT}/Pods/Target Support Files/Pods-CocoMRTTests/Pods-CocoMRTTests-resources.sh\"\n";
			showEnvVarsInLog = 0;
		};
		6580040B1525884DBB3E7A8D /* 📦 Copy Pods Resources */ = {
			isa = PBXShellScriptBuildPhase;
			buildActionMask = 2147483647;
			files = (
			);
			inputPaths = (
			);
			name = "📦 Copy Pods Resources";
			outputPaths = (
			);
			runOnlyForDeploymentPostprocessing = 0;
			shellPath = /bin/sh;
			shellScript = "\"${SRCROOT}/Pods/Target Support Files/Pods-CocoMRT/Pods-CocoMRT-resources.sh\"\n";
			showEnvVarsInLog = 0;
		};
		7EE18E783199CADB9D0E7206 /* 📦 Embed Pods Frameworks */ = {
			isa = PBXShellScriptBuildPhase;
			buildActionMask = 2147483647;
			files = (
			);
			inputPaths = (
			);
			name = "📦 Embed Pods Frameworks";
			outputPaths = (
			);
			runOnlyForDeploymentPostprocessing = 0;
			shellPath = /bin/sh;
			shellScript = "\"${SRCROOT}/Pods/Target Support Files/Pods-CocoMRTTests/Pods-CocoMRTTests-frameworks.sh\"\n";
			showEnvVarsInLog = 0;
		};
		94CE8B48B25C779C2DD85C02 /* 📦 Check Pods Manifest.lock */ = {
			isa = PBXShellScriptBuildPhase;
			buildActionMask = 2147483647;
			files = (
			);
			inputPaths = (
			);
			name = "📦 Check Pods Manifest.lock";
			outputPaths = (
			);
			runOnlyForDeploymentPostprocessing = 0;
			shellPath = /bin/sh;
			shellScript = "diff \"${PODS_ROOT}/../Podfile.lock\" \"${PODS_ROOT}/Manifest.lock\" > /dev/null\nif [[ $? != 0 ]] ; then\n    cat << EOM\nerror: The sandbox is not in sync with the Podfile.lock. Run 'pod install' or update your CocoaPods installation.\nEOM\n    exit 1\nfi\n";
			showEnvVarsInLog = 0;
		};
		AC12C310F4FF5ADB3E22AA21 /* 📦 Check Pods Manifest.lock */ = {
			isa = PBXShellScriptBuildPhase;
			buildActionMask = 2147483647;
			files = (
			);
			inputPaths = (
			);
			name = "📦 Check Pods Manifest.lock";
			outputPaths = (
			);
			runOnlyForDeploymentPostprocessing = 0;
			shellPath = /bin/sh;
			shellScript = "diff \"${PODS_ROOT}/../Podfile.lock\" \"${PODS_ROOT}/Manifest.lock\" > /dev/null\nif [[ $? != 0 ]] ; then\n    cat << EOM\nerror: The sandbox is not in sync with the Podfile.lock. Run 'pod install' or update your CocoaPods installation.\nEOM\n    exit 1\nfi\n";
			showEnvVarsInLog = 0;
		};
/* End PBXShellScriptBuildPhase section */

/* Begin PBXSourcesBuildPhase section */
		9F227E721CECDA2900B822B7 /* Sources */ = {
			isa = PBXSourcesBuildPhase;
			buildActionMask = 2147483647;
			files = (
				9F227EA81CECDADC00B822B7 /* FirstController.swift in Sources */,
				9F227E7A1CECDA2900B822B7 /* AppDelegate.swift in Sources */,
				9FEE48CF1CF36D2A00F62728 /* secondViewController.swift in Sources */,
				9F227EAC1CED30AD00B822B7 /* MRTCell.swift in Sources */,
			);
			runOnlyForDeploymentPostprocessing = 0;
		};
		9F227E861CECDA2900B822B7 /* Sources */ = {
			isa = PBXSourcesBuildPhase;
			buildActionMask = 2147483647;
			files = (
				9F227E8F1CECDA2900B822B7 /* CocoMRTTests.swift in Sources */,
			);
			runOnlyForDeploymentPostprocessing = 0;
		};
		9F227E911CECDA2900B822B7 /* Sources */ = {
			isa = PBXSourcesBuildPhase;
			buildActionMask = 2147483647;
			files = (
				9F227E9A1CECDA2900B822B7 /* CocoMRTUITests.swift in Sources */,
			);
			runOnlyForDeploymentPostprocessing = 0;
		};
/* End PBXSourcesBuildPhase section */

/* Begin PBXTargetDependency section */
		9F227E8C1CECDA2900B822B7 /* PBXTargetDependency */ = {
			isa = PBXTargetDependency;
			target = 9F227E751CECDA2900B822B7 /* CocoMRT */;
			targetProxy = 9F227E8B1CECDA2900B822B7 /* PBXContainerItemProxy */;
		};
		9F227E971CECDA2900B822B7 /* PBXTargetDependency */ = {
			isa = PBXTargetDependency;
			target = 9F227E751CECDA2900B822B7 /* CocoMRT */;
			targetProxy = 9F227E961CECDA2900B822B7 /* PBXContainerItemProxy */;
		};
/* End PBXTargetDependency section */

/* Begin PBXVariantGroup section */
		9F227E7D1CECDA2900B822B7 /* Main.storyboard */ = {
			isa = PBXVariantGroup;
			children = (
				9F227E7E1CECDA2900B822B7 /* Base */,
			);
			name = Main.storyboard;
			sourceTree = "<group>";
		};
		9F227E821CECDA2900B822B7 /* LaunchScreen.storyboard */ = {
			isa = PBXVariantGroup;
			children = (
				9F227E831CECDA2900B822B7 /* Base */,
			);
			name = LaunchScreen.storyboard;
			sourceTree = "<group>";
		};
/* End PBXVariantGroup section */

/* Begin XCBuildConfiguration section */
		9F227E9C1CECDA2900B822B7 /* Debug */ = {
			isa = XCBuildConfiguration;
			buildSettings = {
				ALWAYS_SEARCH_USER_PATHS = NO;
				CLANG_ANALYZER_NONNULL = YES;
				CLANG_CXX_LANGUAGE_STANDARD = "gnu++0x";
				CLANG_CXX_LIBRARY = "libc++";
				CLANG_ENABLE_MODULES = YES;
				CLANG_ENABLE_OBJC_ARC = YES;
				CLANG_WARN_BOOL_CONVERSION = YES;
				CLANG_WARN_CONSTANT_CONVERSION = YES;
				CLANG_WARN_DIRECT_OBJC_ISA_USAGE = YES_ERROR;
				CLANG_WARN_EMPTY_BODY = YES;
				CLANG_WARN_ENUM_CONVERSION = YES;
				CLANG_WARN_INT_CONVERSION = YES;
				CLANG_WARN_OBJC_ROOT_CLASS = YES_ERROR;
				CLANG_WARN_UNREACHABLE_CODE = YES;
				CLANG_WARN__DUPLICATE_METHOD_MATCH = YES;
				"CODE_SIGN_IDENTITY[sdk=iphoneos*]" = "iPhone Developer";
				COPY_PHASE_STRIP = NO;
				DEBUG_INFORMATION_FORMAT = dwarf;
				ENABLE_STRICT_OBJC_MSGSEND = YES;
				ENABLE_TESTABILITY = YES;
				GCC_C_LANGUAGE_STANDARD = gnu99;
				GCC_DYNAMIC_NO_PIC = NO;
				GCC_NO_COMMON_BLOCKS = YES;
				GCC_OPTIMIZATION_LEVEL = 0;
				GCC_PREPROCESSOR_DEFINITIONS = (
					"DEBUG=1",
					"$(inherited)",
				);
				GCC_WARN_64_TO_32_BIT_CONVERSION = YES;
				GCC_WARN_ABOUT_RETURN_TYPE = YES_ERROR;
				GCC_WARN_UNDECLARED_SELECTOR = YES;
				GCC_WARN_UNINITIALIZED_AUTOS = YES_AGGRESSIVE;
				GCC_WARN_UNUSED_FUNCTION = YES;
				GCC_WARN_UNUSED_VARIABLE = YES;
				IPHONEOS_DEPLOYMENT_TARGET = 9.3;
				MTL_ENABLE_DEBUG_INFO = YES;
				ONLY_ACTIVE_ARCH = YES;
				SDKROOT = iphoneos;
				SWIFT_OPTIMIZATION_LEVEL = "-Onone";
			};
			name = Debug;
		};
		9F227E9D1CECDA2900B822B7 /* Release */ = {
			isa = XCBuildConfiguration;
			buildSettings = {
				ALWAYS_SEARCH_USER_PATHS = NO;
				CLANG_ANALYZER_NONNULL = YES;
				CLANG_CXX_LANGUAGE_STANDARD = "gnu++0x";
				CLANG_CXX_LIBRARY = "libc++";
				CLANG_ENABLE_MODULES = YES;
				CLANG_ENABLE_OBJC_ARC = YES;
				CLANG_WARN_BOOL_CONVERSION = YES;
				CLANG_WARN_CONSTANT_CONVERSION = YES;
				CLANG_WARN_DIRECT_OBJC_ISA_USAGE = YES_ERROR;
				CLANG_WARN_EMPTY_BODY = YES;
				CLANG_WARN_ENUM_CONVERSION = YES;
				CLANG_WARN_INT_CONVERSION = YES;
				CLANG_WARN_OBJC_ROOT_CLASS = YES_ERROR;
				CLANG_WARN_UNREACHABLE_CODE = YES;
				CLANG_WARN__DUPLICATE_METHOD_MATCH = YES;
				"CODE_SIGN_IDENTITY[sdk=iphoneos*]" = "iPhone Developer";
				COPY_PHASE_STRIP = NO;
				DEBUG_INFORMATION_FORMAT = "dwarf-with-dsym";
				ENABLE_NS_ASSERTIONS = NO;
				ENABLE_STRICT_OBJC_MSGSEND = YES;
				GCC_C_LANGUAGE_STANDARD = gnu99;
				GCC_NO_COMMON_BLOCKS = YES;
				GCC_WARN_64_TO_32_BIT_CONVERSION = YES;
				GCC_WARN_ABOUT_RETURN_TYPE = YES_ERROR;
				GCC_WARN_UNDECLARED_SELECTOR = YES;
				GCC_WARN_UNINITIALIZED_AUTOS = YES_AGGRESSIVE;
				GCC_WARN_UNUSED_FUNCTION = YES;
				GCC_WARN_UNUSED_VARIABLE = YES;
				IPHONEOS_DEPLOYMENT_TARGET = 9.3;
				MTL_ENABLE_DEBUG_INFO = NO;
				SDKROOT = iphoneos;
				VALIDATE_PRODUCT = YES;
			};
			name = Release;
		};
		9F227E9F1CECDA2900B822B7 /* Debug */ = {
			isa = XCBuildConfiguration;
			baseConfigurationReference = 319C48A28E3F6335BD13ABBE /* Pods-CocoMRT.debug.xcconfig */;
			buildSettings = {
				ASSETCATALOG_COMPILER_APPICON_NAME = AppIcon;
				INFOPLIST_FILE = CocoMRT/Info.plist;
				LD_RUNPATH_SEARCH_PATHS = "$(inherited) @executable_path/Frameworks";
				PRODUCT_BUNDLE_IDENTIFIER = s10234.CocoMRT;
				PRODUCT_NAME = "$(TARGET_NAME)";
			};
			name = Debug;
		};
		9F227EA01CECDA2900B822B7 /* Release */ = {
			isa = XCBuildConfiguration;
			baseConfigurationReference = B3E147D114191B16CAF56DAB /* Pods-CocoMRT.release.xcconfig */;
			buildSettings = {
				ASSETCATALOG_COMPILER_APPICON_NAME = AppIcon;
				INFOPLIST_FILE = CocoMRT/Info.plist;
				LD_RUNPATH_SEARCH_PATHS = "$(inherited) @executable_path/Frameworks";
				PRODUCT_BUNDLE_IDENTIFIER = s10234.CocoMRT;
				PRODUCT_NAME = "$(TARGET_NAME)";
			};
			name = Release;
		};
		9F227EA21CECDA2900B822B7 /* Debug */ = {
			isa = XCBuildConfiguration;
			baseConfigurationReference = 883076F047C7FC7E2C23FBB9 /* Pods-CocoMRTTests.debug.xcconfig */;
			buildSettings = {
				BUNDLE_LOADER = "$(TEST_HOST)";
				INFOPLIST_FILE = CocoMRTTests/Info.plist;
				LD_RUNPATH_SEARCH_PATHS = "$(inherited) @executable_path/Frameworks @loader_path/Frameworks";
				PRODUCT_BUNDLE_IDENTIFIER = s10234.CocoMRTTests;
				PRODUCT_NAME = "$(TARGET_NAME)";
				TEST_HOST = "$(BUILT_PRODUCTS_DIR)/CocoMRT.app/CocoMRT";
			};
			name = Debug;
		};
		9F227EA31CECDA2900B822B7 /* Release */ = {
			isa = XCBuildConfiguration;
			baseConfigurationReference = 9370E465AC6D42C536D27D30 /* Pods-CocoMRTTests.release.xcconfig */;
			buildSettings = {
				BUNDLE_LOADER = "$(TEST_HOST)";
				INFOPLIST_FILE = CocoMRTTests/Info.plist;
				LD_RUNPATH_SEARCH_PATHS = "$(inherited) @executable_path/Frameworks @loader_path/Frameworks";
				PRODUCT_BUNDLE_IDENTIFIER = s10234.CocoMRTTests;
				PRODUCT_NAME = "$(TARGET_NAME)";
				TEST_HOST = "$(BUILT_PRODUCTS_DIR)/CocoMRT.app/CocoMRT";
			};
			name = Release;
		};
		9F227EA51CECDA2900B822B7 /* Debug */ = {
			isa = XCBuildConfiguration;
			baseConfigurationReference = B70B06A18BF9116A46E368FA /* Pods-CocoMRTUITests.debug.xcconfig */;
			buildSettings = {
				INFOPLIST_FILE = CocoMRTUITests/Info.plist;
				LD_RUNPATH_SEARCH_PATHS = "$(inherited) @executable_path/Frameworks @loader_path/Frameworks";
				PRODUCT_BUNDLE_IDENTIFIER = s10234.CocoMRTUITests;
				PRODUCT_NAME = "$(TARGET_NAME)";
				TEST_TARGET_NAME = CocoMRT;
			};
			name = Debug;
		};
		9F227EA61CECDA2900B822B7 /* Release */ = {
			isa = XCBuildConfiguration;
			baseConfigurationReference = FBD65B4C84713323D641C583 /* Pods-CocoMRTUITests.release.xcconfig */;
			buildSettings = {
				INFOPLIST_FILE = CocoMRTUITests/Info.plist;
				LD_RUNPATH_SEARCH_PATHS = "$(inherited) @executable_path/Frameworks @loader_path/Frameworks";
				PRODUCT_BUNDLE_IDENTIFIER = s10234.CocoMRTUITests;
				PRODUCT_NAME = "$(TARGET_NAME)";
				TEST_TARGET_NAME = CocoMRT;
			};
			name = Release;
		};
/* End XCBuildConfiguration section */

/* Begin XCConfigurationList section */
		9F227E711CECDA2900B822B7 /* Build configuration list for PBXProject "CocoMRT" */ = {
			isa = XCConfigurationList;
			buildConfigurations = (
				9F227E9C1CECDA2900B822B7 /* Debug */,
				9F227E9D1CECDA2900B822B7 /* Release */,
			);
			defaultConfigurationIsVisible = 0;
			defaultConfigurationName = Release;
		};
		9F227E9E1CECDA2900B822B7 /* Build configuration list for PBXNativeTarget "CocoMRT" */ = {
			isa = XCConfigurationList;
			buildConfigurations = (
				9F227E9F1CECDA2900B822B7 /* Debug */,
				9F227EA01CECDA2900B822B7 /* Release */,
			);
			defaultConfigurationIsVisible = 0;
			defaultConfigurationName = Release;
		};
		9F227EA11CECDA2900B822B7 /* Build configuration list for PBXNativeTarget "CocoMRTTests" */ = {
			isa = XCConfigurationList;
			buildConfigurations = (
				9F227EA21CECDA2900B822B7 /* Debug */,
				9F227EA31CECDA2900B822B7 /* Release */,
			);
			defaultConfigurationIsVisible = 0;
			defaultConfigurationName = Release;
		};
		9F227EA41CECDA2900B822B7 /* Build configuration list for PBXNativeTarget "CocoMRTUITests" */ = {
			isa = XCConfigurationList;
			buildConfigurations = (
				9F227EA51CECDA2900B822B7 /* Debug */,
				9F227EA61CECDA2900B822B7 /* Release */,
			);
			defaultConfigurationIsVisible = 0;
			defaultConfigurationName = Release;
		};
/* End XCConfigurationList section */
	};
	rootObject = 9F227E6E1CECDA2900B822B7 /* Project object */;
}
